# This file is autogenerated, do not edit; changes may be undone by the next 'dep ensure'.


[[projects]]
  digest = "1:e3b25b60c5598d88c45b25d85a76816d0a81fc3fd46c00791136614c1183fc0b"
  name = "github.com/go-sql-driver/mysql"
  packages = ["."]
  pruneopts = "UT"
  revision = "bcc459a906419e2890a50fc2c99ea6dd927a88f2"
  version = "v1.6.0"

[[projects]]
  digest = "1:6078383dbb7405bfa3ce16957f37564e3b716afa29b6eb45ffdb6674624d1e0d"
  name = "github.com/gorilla/mux"
  packages = ["."]
  pruneopts = "UT"
  revision = "98cb6bf42e086f6af920b965c38cacc07402d51b"
  version = "v1.8.0"

[[projects]]
  digest = "1:01ed62f8f4f574d8aff1d88caee113700a2b44c42351943fa73cc1808f736a50"
  name = "github.com/jinzhu/inflection"
  packages = ["."]
  pruneopts = "UT"
  revision = "f5c5f50e6090ae76a29240b61ae2a90dd810112e"
  version = "v1.0.0"

[[projects]]
  digest = "1:11449bde79c2108dcc7c8b3ee48406e38e205550c8738c9670892ec7c6b6f275"
  name = "github.com/jinzhu/now"
  packages = ["."]
  pruneopts = "UT"
  revision = "5e02ed8b661ebafbd440519c8f096185d1ae9926"
  version = "v1.1.4"

[[projects]]
  digest = "1:e213f1acd272fc2ff5ce38faa67712a03e562d2837387f7c0fbdc0187fa8da5d"
  name = "github.com/jmoiron/sqlx"
  packages = [
    ".",
    "reflectx",
  ]
  pruneopts = "UT"
  revision = "92bfa368c21aafd33626444a47b2f99be2432623"
  version = "v1.3.4"

[[projects]]
  digest = "1:d637e7df18dc7c58b1ae916f29e808e37fda071cc36f422650bf77593c44debc"
  name = "github.com/urfave/negroni"
  packages = ["."]
  pruneopts = "UT"
  revision = "89f4046c21e1b86e8ef3550422b528ab1d62eba4"
  version = "v2.0.2"

[[projects]]
  digest = "1:408b6b3988dac27d20c83f32ee186b5febaa1af1e14185ad60de765f0e2f4428"
  name = "gorm.io/driver/mysql"
  packages = ["."]
  pruneopts = "UT"
  revision = "373b1f04e6b8d18e5b4a611c8e2aa5abc1d75dc2"
  version = "v1.2.3"

[[projects]]
  digest = "1:3691c4dfe893e29174f3088a393cea4c25338b93c127ee45df653516eb0025b4"
  name = "gorm.io/gorm"
  packages = [
    ".",
    "callbacks",
    "clause",
    "logger",
    "migrator",
    "schema",
    "utils",
  ]
  pruneopts = "UT"
  revision = "e5894ca44951fecc3b3f31f1aa46df7de6024b04"
  version = "v1.22.5"

[solve-meta]
  analyzer-name = "dep"
  analyzer-version = 1
  input-imports = [
    "github.com/go-sql-driver/mysql",
    "github.com/gorilla/mux",
    "github.com/jmoiron/sqlx",
    "github.com/urfave/negroni",
    "gorm.io/driver/mysql",
    "gorm.io/gorm",
  ]
  solver-name = "gps-cdcl"
  solver-version = 1
